
Microsoft Visual Studio Solution File, Format Version 12.00
# Visual Studio Version 17
VisualStudioVersion = 17.7.34031.279
MinimumVisualStudioVersion = 10.0.40219.1
Project("{FAE04EC0-301F-11D3-BF4B-00C04F79EFBC}") = "BT-W04", "BT-W04.csproj", "{48F72DD8-873A-4A32-A88E-DF87478067B3}"
EndProject
Global
	GlobalSection(SolutionConfigurationPlatforms) = preSolution
		Debug|Any CPU = Debug|Any CPU
		Release|Any CPU = Release|Any CPU
	EndGlobalSection
	GlobalSection(ProjectConfigurationPlatforms) = postSolution
		{48F72DD8-873A-4A32-A88E-DF87478067B3}.Debug|Any CPU.ActiveCfg = Debug|Any CPU
		{48F72DD8-873A-4A32-A88E-DF87478067B3}.Debug|Any CPU.Build.0 = Debug|Any CPU
		{48F72DD8-873A-4A32-A88E-DF87478067B3}.Release|Any CPU.ActiveCfg = Release|Any CPU
		{48F72DD8-873A-4A32-A88E-DF87478067B3}.Release|Any CPU.Build.0 = Release|Any CPU
	EndGlobalSection
	GlobalSection(SolutionProperties) = preSolution
		HideSolutionNode = FALSE
	EndGlobalSection
	GlobalSection(ExtensibilityGlobals) = postSolution
		SolutionGuid = {DEBDF514-CF92-42FA-9263-52FBFEC854BC}
	EndGlobalSection
EndGlobal
