
Microsoft Visual Studio Solution File, Format Version 12.00
# Visual Studio Version 17
VisualStudioVersion = 17.7.34031.279
MinimumVisualStudioVersion = 10.0.40219.1
Project("{FAE04EC0-301F-11D3-BF4B-00C04F79EFBC}") = "BT04 - Hien thi loi chao", "BT04 - Hien thi loi chao.csproj", "{EEB2DFDF-2DCB-4FC1-86F5-12C564D019CD}"
EndProject
Global
	GlobalSection(SolutionConfigurationPlatforms) = preSolution
		Debug|Any CPU = Debug|Any CPU
		Release|Any CPU = Release|Any CPU
	EndGlobalSection
	GlobalSection(ProjectConfigurationPlatforms) = postSolution
		{EEB2DFDF-2DCB-4FC1-86F5-12C564D019CD}.Debug|Any CPU.ActiveCfg = Debug|Any CPU
		{EEB2DFDF-2DCB-4FC1-86F5-12C564D019CD}.Debug|Any CPU.Build.0 = Debug|Any CPU
		{EEB2DFDF-2DCB-4FC1-86F5-12C564D019CD}.Release|Any CPU.ActiveCfg = Release|Any CPU
		{EEB2DFDF-2DCB-4FC1-86F5-12C564D019CD}.Release|Any CPU.Build.0 = Release|Any CPU
	EndGlobalSection
	GlobalSection(SolutionProperties) = preSolution
		HideSolutionNode = FALSE
	EndGlobalSection
	GlobalSection(ExtensibilityGlobals) = postSolution
		SolutionGuid = {B31EB572-CE68-4CB9-A618-D15F4250DF6B}
	EndGlobalSection
EndGlobal
