
Microsoft Visual Studio Solution File, Format Version 12.00
# Visual Studio Version 17
VisualStudioVersion = 17.8.34309.116
MinimumVisualStudioVersion = 10.0.40219.1
Project("{FAE04EC0-301F-11D3-BF4B-00C04F79EFBC}") = "Vietptdem", "Vietptdem.csproj", "{323D6142-34B7-4A27-8764-5FBF3957892A}"
EndProject
Global
	GlobalSection(SolutionConfigurationPlatforms) = preSolution
		Debug|Any CPU = Debug|Any CPU
		Release|Any CPU = Release|Any CPU
	EndGlobalSection
	GlobalSection(ProjectConfigurationPlatforms) = postSolution
		{323D6142-34B7-4A27-8764-5FBF3957892A}.Debug|Any CPU.ActiveCfg = Debug|Any CPU
		{323D6142-34B7-4A27-8764-5FBF3957892A}.Debug|Any CPU.Build.0 = Debug|Any CPU
		{323D6142-34B7-4A27-8764-5FBF3957892A}.Release|Any CPU.ActiveCfg = Release|Any CPU
		{323D6142-34B7-4A27-8764-5FBF3957892A}.Release|Any CPU.Build.0 = Release|Any CPU
	EndGlobalSection
	GlobalSection(SolutionProperties) = preSolution
		HideSolutionNode = FALSE
	EndGlobalSection
	GlobalSection(ExtensibilityGlobals) = postSolution
		SolutionGuid = {64D0E7B4-F9B7-4651-9ED3-9DE26D82FB28}
	EndGlobalSection
EndGlobal
