
Microsoft Visual Studio Solution File, Format Version 12.00
# Visual Studio Version 17
VisualStudioVersion = 17.7.34031.279
MinimumVisualStudioVersion = 10.0.40219.1
Project("{FAE04EC0-301F-11D3-BF4B-00C04F79EFBC}") = "GW04-MangtrongC#", "GW04-MangtrongC#.csproj", "{F47629E2-FA71-416C-8482-2AA05F76082B}"
EndProject
Global
	GlobalSection(SolutionConfigurationPlatforms) = preSolution
		Debug|Any CPU = Debug|Any CPU
		Release|Any CPU = Release|Any CPU
	EndGlobalSection
	GlobalSection(ProjectConfigurationPlatforms) = postSolution
		{F47629E2-FA71-416C-8482-2AA05F76082B}.Debug|Any CPU.ActiveCfg = Debug|Any CPU
		{F47629E2-FA71-416C-8482-2AA05F76082B}.Debug|Any CPU.Build.0 = Debug|Any CPU
		{F47629E2-FA71-416C-8482-2AA05F76082B}.Release|Any CPU.ActiveCfg = Release|Any CPU
		{F47629E2-FA71-416C-8482-2AA05F76082B}.Release|Any CPU.Build.0 = Release|Any CPU
	EndGlobalSection
	GlobalSection(SolutionProperties) = preSolution
		HideSolutionNode = FALSE
	EndGlobalSection
	GlobalSection(ExtensibilityGlobals) = postSolution
		SolutionGuid = {4B3638E7-4EDF-4A75-B315-A024DEDED9DC}
	EndGlobalSection
EndGlobal
