
Microsoft Visual Studio Solution File, Format Version 12.00
# Visual Studio Version 17
VisualStudioVersion = 17.8.34309.116
MinimumVisualStudioVersion = 10.0.40219.1
Project("{FAE04EC0-301F-11D3-BF4B-00C04F79EFBC}") = "Snakegame", "Snakegame.csproj", "{664ADE64-AEE3-42FA-A784-C06614CFEC7D}"
EndProject
Global
	GlobalSection(SolutionConfigurationPlatforms) = preSolution
		Debug|Any CPU = Debug|Any CPU
		Release|Any CPU = Release|Any CPU
	EndGlobalSection
	GlobalSection(ProjectConfigurationPlatforms) = postSolution
		{664ADE64-AEE3-42FA-A784-C06614CFEC7D}.Debug|Any CPU.ActiveCfg = Debug|Any CPU
		{664ADE64-AEE3-42FA-A784-C06614CFEC7D}.Debug|Any CPU.Build.0 = Debug|Any CPU
		{664ADE64-AEE3-42FA-A784-C06614CFEC7D}.Release|Any CPU.ActiveCfg = Release|Any CPU
		{664ADE64-AEE3-42FA-A784-C06614CFEC7D}.Release|Any CPU.Build.0 = Release|Any CPU
	EndGlobalSection
	GlobalSection(SolutionProperties) = preSolution
		HideSolutionNode = FALSE
	EndGlobalSection
	GlobalSection(ExtensibilityGlobals) = postSolution
		SolutionGuid = {73435083-9EA1-4939-B248-B5DF1625D7BE}
	EndGlobalSection
EndGlobal
