
Microsoft Visual Studio Solution File, Format Version 12.00
# Visual Studio Version 17
VisualStudioVersion = 17.7.34031.279
MinimumVisualStudioVersion = 10.0.40219.1
Project("{FAE04EC0-301F-11D3-BF4B-00C04F79EFBC}") = "BT-TH04-tongab", "BT-TH04-tongab.csproj", "{7EC30B3C-F3DA-4E6C-B0BE-FE40AF7B640C}"
EndProject
Project("{FAE04EC0-301F-11D3-BF4B-00C04F79EFBC}") = "BT04-TH02", "..\BT04-TH02\BT04-TH02.csproj", "{61A70362-0C0B-4FE1-BC8B-1B0374A03848}"
EndProject
Global
	GlobalSection(SolutionConfigurationPlatforms) = preSolution
		Debug|Any CPU = Debug|Any CPU
		Release|Any CPU = Release|Any CPU
	EndGlobalSection
	GlobalSection(ProjectConfigurationPlatforms) = postSolution
		{7EC30B3C-F3DA-4E6C-B0BE-FE40AF7B640C}.Debug|Any CPU.ActiveCfg = Debug|Any CPU
		{7EC30B3C-F3DA-4E6C-B0BE-FE40AF7B640C}.Debug|Any CPU.Build.0 = Debug|Any CPU
		{7EC30B3C-F3DA-4E6C-B0BE-FE40AF7B640C}.Release|Any CPU.ActiveCfg = Release|Any CPU
		{7EC30B3C-F3DA-4E6C-B0BE-FE40AF7B640C}.Release|Any CPU.Build.0 = Release|Any CPU
		{61A70362-0C0B-4FE1-BC8B-1B0374A03848}.Debug|Any CPU.ActiveCfg = Debug|Any CPU
		{61A70362-0C0B-4FE1-BC8B-1B0374A03848}.Debug|Any CPU.Build.0 = Debug|Any CPU
		{61A70362-0C0B-4FE1-BC8B-1B0374A03848}.Release|Any CPU.ActiveCfg = Release|Any CPU
		{61A70362-0C0B-4FE1-BC8B-1B0374A03848}.Release|Any CPU.Build.0 = Release|Any CPU
	EndGlobalSection
	GlobalSection(SolutionProperties) = preSolution
		HideSolutionNode = FALSE
	EndGlobalSection
	GlobalSection(ExtensibilityGlobals) = postSolution
		SolutionGuid = {3DFC84EF-17B9-402F-9A37-02E4973EDEB8}
	EndGlobalSection
EndGlobal
