
Microsoft Visual Studio Solution File, Format Version 12.00
# Visual Studio Version 17
VisualStudioVersion = 17.8.34309.116
MinimumVisualStudioVersion = 10.0.40219.1
Project("{FAE04EC0-301F-11D3-BF4B-00C04F79EFBC}") = "Tictactoe", "Tictactoe.csproj", "{A36320A2-A11A-45E0-A2EE-E1AB6102340B}"
EndProject
Global
	GlobalSection(SolutionConfigurationPlatforms) = preSolution
		Debug|Any CPU = Debug|Any CPU
		Release|Any CPU = Release|Any CPU
	EndGlobalSection
	GlobalSection(ProjectConfigurationPlatforms) = postSolution
		{A36320A2-A11A-45E0-A2EE-E1AB6102340B}.Debug|Any CPU.ActiveCfg = Debug|Any CPU
		{A36320A2-A11A-45E0-A2EE-E1AB6102340B}.Debug|Any CPU.Build.0 = Debug|Any CPU
		{A36320A2-A11A-45E0-A2EE-E1AB6102340B}.Release|Any CPU.ActiveCfg = Release|Any CPU
		{A36320A2-A11A-45E0-A2EE-E1AB6102340B}.Release|Any CPU.Build.0 = Release|Any CPU
	EndGlobalSection
	GlobalSection(SolutionProperties) = preSolution
		HideSolutionNode = FALSE
	EndGlobalSection
	GlobalSection(ExtensibilityGlobals) = postSolution
		SolutionGuid = {C33CA5CB-D305-40C2-B7CB-DD5D10E4E42F}
	EndGlobalSection
EndGlobal
