
Microsoft Visual Studio Solution File, Format Version 12.00
# Visual Studio Version 17
VisualStudioVersion = 17.7.34031.279
MinimumVisualStudioVersion = 10.0.40219.1
Project("{FAE04EC0-301F-11D3-BF4B-00C04F79EFBC}") = "Hien thi cac loai hinh", "Hien thi cac loai hinh.csproj", "{1F626F5E-BFA4-401A-AFB2-A3E8FE5E53EF}"
EndProject
Global
	GlobalSection(SolutionConfigurationPlatforms) = preSolution
		Debug|Any CPU = Debug|Any CPU
		Release|Any CPU = Release|Any CPU
	EndGlobalSection
	GlobalSection(ProjectConfigurationPlatforms) = postSolution
		{1F626F5E-BFA4-401A-AFB2-A3E8FE5E53EF}.Debug|Any CPU.ActiveCfg = Debug|Any CPU
		{1F626F5E-BFA4-401A-AFB2-A3E8FE5E53EF}.Debug|Any CPU.Build.0 = Debug|Any CPU
		{1F626F5E-BFA4-401A-AFB2-A3E8FE5E53EF}.Release|Any CPU.ActiveCfg = Release|Any CPU
		{1F626F5E-BFA4-401A-AFB2-A3E8FE5E53EF}.Release|Any CPU.Build.0 = Release|Any CPU
	EndGlobalSection
	GlobalSection(SolutionProperties) = preSolution
		HideSolutionNode = FALSE
	EndGlobalSection
	GlobalSection(ExtensibilityGlobals) = postSolution
		SolutionGuid = {CBFD5CC9-398B-4AE0-9D6A-2828DF186395}
	EndGlobalSection
EndGlobal
