
Microsoft Visual Studio Solution File, Format Version 12.00
# Visual Studio Version 17
VisualStudioVersion = 17.8.34309.116
MinimumVisualStudioVersion = 10.0.40219.1
Project("{FAE04EC0-301F-11D3-BF4B-00C04F79EFBC}") = "P2D&P3D", "P2D&P3D.csproj", "{1D2BD318-0A0E-4B32-9A5C-EBEE49BD906E}"
EndProject
Global
	GlobalSection(SolutionConfigurationPlatforms) = preSolution
		Debug|Any CPU = Debug|Any CPU
		Release|Any CPU = Release|Any CPU
	EndGlobalSection
	GlobalSection(ProjectConfigurationPlatforms) = postSolution
		{1D2BD318-0A0E-4B32-9A5C-EBEE49BD906E}.Debug|Any CPU.ActiveCfg = Debug|Any CPU
		{1D2BD318-0A0E-4B32-9A5C-EBEE49BD906E}.Debug|Any CPU.Build.0 = Debug|Any CPU
		{1D2BD318-0A0E-4B32-9A5C-EBEE49BD906E}.Release|Any CPU.ActiveCfg = Release|Any CPU
		{1D2BD318-0A0E-4B32-9A5C-EBEE49BD906E}.Release|Any CPU.Build.0 = Release|Any CPU
	EndGlobalSection
	GlobalSection(SolutionProperties) = preSolution
		HideSolutionNode = FALSE
	EndGlobalSection
	GlobalSection(ExtensibilityGlobals) = postSolution
		SolutionGuid = {CF4CB62C-E520-42E2-B8D1-99553D44038B}
	EndGlobalSection
EndGlobal
