
Microsoft Visual Studio Solution File, Format Version 12.00
# Visual Studio Version 17
VisualStudioVersion = 17.7.34031.279
MinimumVisualStudioVersion = 10.0.40219.1
Project("{FAE04EC0-301F-11D3-BF4B-00C04F79EFBC}") = "BT04 Ung dung chuyen doi tien te", "BT04 Ung dung chuyen doi tien te.csproj", "{6CC1EE72-7580-4F0D-90B4-17D310594488}"
EndProject
Global
	GlobalSection(SolutionConfigurationPlatforms) = preSolution
		Debug|Any CPU = Debug|Any CPU
		Release|Any CPU = Release|Any CPU
	EndGlobalSection
	GlobalSection(ProjectConfigurationPlatforms) = postSolution
		{6CC1EE72-7580-4F0D-90B4-17D310594488}.Debug|Any CPU.ActiveCfg = Debug|Any CPU
		{6CC1EE72-7580-4F0D-90B4-17D310594488}.Debug|Any CPU.Build.0 = Debug|Any CPU
		{6CC1EE72-7580-4F0D-90B4-17D310594488}.Release|Any CPU.ActiveCfg = Release|Any CPU
		{6CC1EE72-7580-4F0D-90B4-17D310594488}.Release|Any CPU.Build.0 = Release|Any CPU
	EndGlobalSection
	GlobalSection(SolutionProperties) = preSolution
		HideSolutionNode = FALSE
	EndGlobalSection
	GlobalSection(ExtensibilityGlobals) = postSolution
		SolutionGuid = {5867E129-27A5-49FF-B9B9-0C6893F7CE29}
	EndGlobalSection
EndGlobal
