
Microsoft Visual Studio Solution File, Format Version 12.00
# Visual Studio Version 17
VisualStudioVersion = 17.7.34031.279
MinimumVisualStudioVersion = 10.0.40219.1
Project("{FAE04EC0-301F-11D3-BF4B-00C04F79EFBC}") = "UD_docsothanhchu", "UD_docsothanhchu.csproj", "{4126CD1A-F5B6-4BE5-81E8-3E40672C5133}"
EndProject
Global
	GlobalSection(SolutionConfigurationPlatforms) = preSolution
		Debug|Any CPU = Debug|Any CPU
		Release|Any CPU = Release|Any CPU
	EndGlobalSection
	GlobalSection(ProjectConfigurationPlatforms) = postSolution
		{4126CD1A-F5B6-4BE5-81E8-3E40672C5133}.Debug|Any CPU.ActiveCfg = Debug|Any CPU
		{4126CD1A-F5B6-4BE5-81E8-3E40672C5133}.Debug|Any CPU.Build.0 = Debug|Any CPU
		{4126CD1A-F5B6-4BE5-81E8-3E40672C5133}.Release|Any CPU.ActiveCfg = Release|Any CPU
		{4126CD1A-F5B6-4BE5-81E8-3E40672C5133}.Release|Any CPU.Build.0 = Release|Any CPU
	EndGlobalSection
	GlobalSection(SolutionProperties) = preSolution
		HideSolutionNode = FALSE
	EndGlobalSection
	GlobalSection(ExtensibilityGlobals) = postSolution
		SolutionGuid = {138A2CE4-527B-45E9-BDBD-07F5230DFAB5}
	EndGlobalSection
EndGlobal
