
Microsoft Visual Studio Solution File, Format Version 12.00
# Visual Studio Version 17
VisualStudioVersion = 17.7.34031.279
MinimumVisualStudioVersion = 10.0.40219.1
Project("{FAE04EC0-301F-11D3-BF4B-00C04F79EFBC}") = "BT Tinhchisocannangcuacothe", "BT Tinhchisocannangcuacothe.csproj", "{C91D8C0D-3F69-4C5C-AE61-83897322D4F3}"
EndProject
Global
	GlobalSection(SolutionConfigurationPlatforms) = preSolution
		Debug|Any CPU = Debug|Any CPU
		Release|Any CPU = Release|Any CPU
	EndGlobalSection
	GlobalSection(ProjectConfigurationPlatforms) = postSolution
		{C91D8C0D-3F69-4C5C-AE61-83897322D4F3}.Debug|Any CPU.ActiveCfg = Debug|Any CPU
		{C91D8C0D-3F69-4C5C-AE61-83897322D4F3}.Debug|Any CPU.Build.0 = Debug|Any CPU
		{C91D8C0D-3F69-4C5C-AE61-83897322D4F3}.Release|Any CPU.ActiveCfg = Release|Any CPU
		{C91D8C0D-3F69-4C5C-AE61-83897322D4F3}.Release|Any CPU.Build.0 = Release|Any CPU
	EndGlobalSection
	GlobalSection(SolutionProperties) = preSolution
		HideSolutionNode = FALSE
	EndGlobalSection
	GlobalSection(ExtensibilityGlobals) = postSolution
		SolutionGuid = {7A2BC8D1-9F13-454E-A810-54659B908324}
	EndGlobalSection
EndGlobal
