
Microsoft Visual Studio Solution File, Format Version 12.00
# Visual Studio Version 17
VisualStudioVersion = 17.7.34221.43
MinimumVisualStudioVersion = 10.0.40219.1
Project("{FAE04EC0-301F-11D3-BF4B-00C04F79EFBC}") = "TestSN", "TestSN.csproj", "{D14276FE-25C0-4D3B-95BE-D5E56682FE90}"
EndProject
Global
	GlobalSection(SolutionConfigurationPlatforms) = preSolution
		Debug|Any CPU = Debug|Any CPU
		Release|Any CPU = Release|Any CPU
	EndGlobalSection
	GlobalSection(ProjectConfigurationPlatforms) = postSolution
		{D14276FE-25C0-4D3B-95BE-D5E56682FE90}.Debug|Any CPU.ActiveCfg = Debug|Any CPU
		{D14276FE-25C0-4D3B-95BE-D5E56682FE90}.Debug|Any CPU.Build.0 = Debug|Any CPU
		{D14276FE-25C0-4D3B-95BE-D5E56682FE90}.Release|Any CPU.ActiveCfg = Release|Any CPU
		{D14276FE-25C0-4D3B-95BE-D5E56682FE90}.Release|Any CPU.Build.0 = Release|Any CPU
	EndGlobalSection
	GlobalSection(SolutionProperties) = preSolution
		HideSolutionNode = FALSE
	EndGlobalSection
	GlobalSection(ExtensibilityGlobals) = postSolution
		SolutionGuid = {72073E6D-1A07-415B-A0B0-2DFB93FB6122}
	EndGlobalSection
EndGlobal
